
Microsoft Visual Studio Solution File, Format Version 12.00
# Visual Studio Version 16
VisualStudioVersion = 16.0.32413.511
MinimumVisualStudioVersion = 10.0.40219.1
Project("{FAE04EC0-301F-11D3-BF4B-00C04F79EFBC}") = "Aula18", "Aula18\Aula18.csproj", "{87E25D9C-D6AE-4CF5-AD76-F273D259975C}"
EndProject
Global
	GlobalSection(SolutionConfigurationPlatforms) = preSolution
		Debug|Any CPU = Debug|Any CPU
		Release|Any CPU = Release|Any CPU
	EndGlobalSection
	GlobalSection(ProjectConfigurationPlatforms) = postSolution
		{87E25D9C-D6AE-4CF5-AD76-F273D259975C}.Debug|Any CPU.ActiveCfg = Debug|Any CPU
		{87E25D9C-D6AE-4CF5-AD76-F273D259975C}.Debug|Any CPU.Build.0 = Debug|Any CPU
		{87E25D9C-D6AE-4CF5-AD76-F273D259975C}.Release|Any CPU.ActiveCfg = Release|Any CPU
		{87E25D9C-D6AE-4CF5-AD76-F273D259975C}.Release|Any CPU.Build.0 = Release|Any CPU
	EndGlobalSection
	GlobalSection(SolutionProperties) = preSolution
		HideSolutionNode = FALSE
	EndGlobalSection
	GlobalSection(ExtensibilityGlobals) = postSolution
		SolutionGuid = {59DF7754-95F9-4CDA-BD05-D1E722DE8290}
	EndGlobalSection
EndGlobal
